
Microsoft Visual Studio Solution File, Format Version 12.00
# Visual Studio Version 17
VisualStudioVersion = 17.11.35303.130
MinimumVisualStudioVersion = 10.0.40219.1
Project("{FAE04EC0-301F-11D3-BF4B-00C04F79EFBC}") = "Cliente", "Cliente\Cliente.csproj", "{2B59D14E-7B32-4527-89D9-4AD9C1D315D6}"
EndProject
Project("{FAE04EC0-301F-11D3-BF4B-00C04F79EFBC}") = "Servidor", "Servidor\Servidor.csproj", "{EA2518FC-5E00-4BEF-949B-7DDDF26FEF7E}"
EndProject
Project("{FAE04EC0-301F-11D3-BF4B-00C04F79EFBC}") = "XML", "XML\XML.csproj", "{26943F58-16E0-4BB9-8E05-29807A9239A3}"
EndProject
Global
	GlobalSection(SolutionConfigurationPlatforms) = preSolution
		Debug|Any CPU = Debug|Any CPU
		Release|Any CPU = Release|Any CPU
	EndGlobalSection
	GlobalSection(ProjectConfigurationPlatforms) = postSolution
		{2B59D14E-7B32-4527-89D9-4AD9C1D315D6}.Debug|Any CPU.ActiveCfg = Debug|Any CPU
		{2B59D14E-7B32-4527-89D9-4AD9C1D315D6}.Debug|Any CPU.Build.0 = Debug|Any CPU
		{2B59D14E-7B32-4527-89D9-4AD9C1D315D6}.Release|Any CPU.ActiveCfg = Release|Any CPU
		{2B59D14E-7B32-4527-89D9-4AD9C1D315D6}.Release|Any CPU.Build.0 = Release|Any CPU
		{EA2518FC-5E00-4BEF-949B-7DDDF26FEF7E}.Debug|Any CPU.ActiveCfg = Debug|Any CPU
		{EA2518FC-5E00-4BEF-949B-7DDDF26FEF7E}.Debug|Any CPU.Build.0 = Debug|Any CPU
		{EA2518FC-5E00-4BEF-949B-7DDDF26FEF7E}.Release|Any CPU.ActiveCfg = Release|Any CPU
		{EA2518FC-5E00-4BEF-949B-7DDDF26FEF7E}.Release|Any CPU.Build.0 = Release|Any CPU
		{26943F58-16E0-4BB9-8E05-29807A9239A3}.Debug|Any CPU.ActiveCfg = Debug|Any CPU
		{26943F58-16E0-4BB9-8E05-29807A9239A3}.Debug|Any CPU.Build.0 = Debug|Any CPU
		{26943F58-16E0-4BB9-8E05-29807A9239A3}.Release|Any CPU.ActiveCfg = Release|Any CPU
		{26943F58-16E0-4BB9-8E05-29807A9239A3}.Release|Any CPU.Build.0 = Release|Any CPU
	EndGlobalSection
	GlobalSection(SolutionProperties) = preSolution
		HideSolutionNode = FALSE
	EndGlobalSection
	GlobalSection(ExtensibilityGlobals) = postSolution
		SolutionGuid = {6C108CDC-1DD6-4E3D-984C-C76A902B7F69}
	EndGlobalSection
EndGlobal
