
Microsoft Visual Studio Solution File, Format Version 12.00
# Visual Studio Version 17
VisualStudioVersion = 17.11.35303.130
MinimumVisualStudioVersion = 10.0.40219.1
Project("{9A19103F-16F7-4668-BE54-9A1E7A4F7556}") = "Cliente", "Cliente\Cliente.csproj", "{89F2BC58-8D2C-4B21-9F95-2BF7EE6543EC}"
EndProject
Global
	GlobalSection(SolutionConfigurationPlatforms) = preSolution
		Debug|Any CPU = Debug|Any CPU
		Release|Any CPU = Release|Any CPU
	EndGlobalSection
	GlobalSection(ProjectConfigurationPlatforms) = postSolution
		{89F2BC58-8D2C-4B21-9F95-2BF7EE6543EC}.Debug|Any CPU.ActiveCfg = Debug|Any CPU
		{89F2BC58-8D2C-4B21-9F95-2BF7EE6543EC}.Debug|Any CPU.Build.0 = Debug|Any CPU
		{89F2BC58-8D2C-4B21-9F95-2BF7EE6543EC}.Release|Any CPU.ActiveCfg = Release|Any CPU
		{89F2BC58-8D2C-4B21-9F95-2BF7EE6543EC}.Release|Any CPU.Build.0 = Release|Any CPU
	EndGlobalSection
	GlobalSection(SolutionProperties) = preSolution
		HideSolutionNode = FALSE
	EndGlobalSection
	GlobalSection(ExtensibilityGlobals) = postSolution
		SolutionGuid = {3FF0DCB0-4B5E-477F-8D1D-F1771129D36E}
	EndGlobalSection
EndGlobal
